<?xml version="1.0" encoding="utf-8"?>
<Project ToolsVersion="4.0" xmlns="http://schemas.microsoft.com/developer/msbuild/2003">
  <ItemGroup>
    <Filter Include="Source Files">
      <UniqueIdentifier>{4FC737F1-C7A5-4376-A066-2A32D752A2FF}</UniqueIdentifier>
      <Extensions>cpp;c;cc;cxx;c++;cppm;ixx;def;odl;idl;hpj;bat;asm;asmx</Extensions>
    </Filter>
    <Filter Include="Header Files">
      <UniqueIdentifier>{93995380-89BD-4b04-88EB-625FBE52EBFB}</UniqueIdentifier>
      <Extensions>h;hh;hpp;hxx;h++;hm;inl;inc;ipp;xsd</Extensions>
    </Filter>
    <Filter Include="Resource Files">
      <UniqueIdentifier>{67DA6AB6-F800-4c08-8B7A-83BB121AAD01}</UniqueIdentifier>
      <Extensions>rc;ico;cur;bmp;dlg;rc2;rct;bin;rgs;gif;jpg;jpeg;jpe;resx;tiff;tif;png;wav;mfcribbon-ms</Extensions>
    </Filter>
  </ItemGroup>
  <ItemGroup>
    <ClCompile Include="vanyAandFence.cpp">
      <Filter>Source Files</Filter>
    </ClCompile>
    <ClCompile Include="antonAndDanik.cpp">
      <Filter>Source Files</Filter>
    </ClCompile>
    <ClCompile Include="beautifulMatrix.cpp">
      <Filter>Source Files</Filter>
    </ClCompile>
    <ClCompile Include="bearAndBigBrother.cpp">
      <Filter>Source Files</Filter>
    </ClCompile>
    <ClCompile Include="Team.cpp">
      <Filter>Source Files</Filter>
    </ClCompile>
    <ClCompile Include="gravityFlip.cpp">
      <Filter>Source Files</Filter>
    </ClCompile>
    <ClCompile Include="petyaAndStrings.cpp">
      <Filter>Source Files</Filter>
    </ClCompile>
    <ClCompile Include="boyOrGirl.cpp">
      <Filter>Source Files</Filter>
    </ClCompile>
    <ClCompile Include="AFPC2019A.cpp">
      <Filter>Source Files</Filter>
    </ClCompile>
    <ClCompile Include="AFPC2019B.cpp">
      <Filter>Source Files</Filter>
    </ClCompile>
    <ClCompile Include="AFPC2019C.cpp">
      <Filter>Source Files</Filter>
    </ClCompile>
    <ClCompile Include="word.cpp">
      <Filter>Source Files</Filter>
    </ClCompile>
    <ClCompile Include="Magnets.cpp">
      <Filter>Source Files</Filter>
    </ClCompile>
    <ClCompile Include="serejaAndDima.cpp">
      <Filter>Source Files</Filter>
    </ClCompile>
    <ClCompile Include="stonesOnTheTable.cpp">
      <Filter>Source Files</Filter>
    </ClCompile>
    <ClCompile Include="policeRecruits.cpp">
      <Filter>Source Files</Filter>
    </ClCompile>
    <ClCompile Include="blackSquare.cpp">
      <Filter>Source Files</Filter>
    </ClCompile>
    <ClCompile Include="nightAtTheMuseum.cpp">
      <Filter>Source Files</Filter>
    </ClCompile>
    <ClCompile Include="games.cpp">
      <Filter>Source Files</Filter>
    </ClCompile>
    <ClCompile Include="isYourHorseshoeOnTheOtherHoof.cpp">
      <Filter>Source Files</Filter>
    </ClCompile>
    <ClCompile Include="colorfulStonesSimplifiedEdition.cpp">
      <Filter>Source Files</Filter>
    </ClCompile>
    <ClCompile Include="dieRoll.cpp">
      <Filter>Source Files</Filter>
    </ClCompile>
    <ClCompile Include="juicer.cpp">
      <Filter>Source Files</Filter>
    </ClCompile>
    <ClCompile Include="carrotCakes.cpp">
      <Filter>Source Files</Filter>
    </ClCompile>
    <ClCompile Include="petyaAndCountryside.cpp">
      <Filter>Source Files</Filter>
    </ClCompile>
    <ClCompile Include="bearAndFindingCriminals.cpp">
      <Filter>Source Files</Filter>
    </ClCompile>
    <ClCompile Include="burglarAndMatches.cpp">
      <Filter>Source Files</Filter>
    </ClCompile>
    <ClCompile Include="cisaAndPylons.cpp">
      <Filter>Source Files</Filter>
    </ClCompile>
    <ClCompile Include="sumOfDigits.cpp">
      <Filter>Source Files</Filter>
    </ClCompile>
    <ClCompile Include="antonAndLetters.cpp">
      <Filter>Source Files</Filter>
    </ClCompile>
    <ClCompile Include="wayTooLongWords.cpp">
      <Filter>Source Files</Filter>
    </ClCompile>
    <ClCompile Include="freeIceCream.cpp">
      <Filter>Source Files</Filter>
    </ClCompile>
    <ClCompile Include="helpfulMaths.cpp">
      <Filter>Source Files</Filter>
    </ClCompile>
    <ClCompile Include="Source.cpp">
      <Filter>Source Files</Filter>
    </ClCompile>
    <ClCompile Include="linelandMail.cpp">
      <Filter>Source Files</Filter>
    </ClCompile>
    <ClCompile Include="mahmoudAndLongestUncommonSubsequence.cpp">
      <Filter>Source Files</Filter>
    </ClCompile>
    <ClCompile Include="Snacktower.cpp">
      <Filter>Source Files</Filter>
    </ClCompile>
    <ClCompile Include="easterEggs.cpp">
      <Filter>Source Files</Filter>
    </ClCompile>
    <ClCompile Include="Decoding.cpp">
      <Filter>Source Files</Filter>
    </ClCompile>
    <ClCompile Include="lovelyPalindromes.cpp">
      <Filter>Source Files</Filter>
    </ClCompile>
  </ItemGroup>
</Project>